<?xml version="1.0" encoding="utf-8"?>
<Project ToolsVersion="4.0" xmlns="http://schemas.microsoft.com/developer/msbuild/2003">
  <ItemGroup>
    <Filter Include="Objects">
      <UniqueIdentifier>{a5b81911-b4c2-4906-8579-c162f1defdb7}</UniqueIdentifier>
    </Filter>
    <Filter Include="Libraries">
      <UniqueIdentifier>{cdd421ed-b126-4cb1-90bc-fd4bbf123446}</UniqueIdentifier>
    </Filter>
  </ItemGroup>
  <ItemGroup>
    <ClCompile Include="Motion-Detection.cpp" />
    <ClCompile Include="Image.cpp">
      <Filter>Objects</Filter>
    </ClCompile>
    <ClCompile Include="Comparer.cpp" />
  </ItemGroup>
  <ItemGroup>
    <ClInclude Include="Image.h">
      <Filter>Objects</Filter>
    </ClInclude>
    <ClInclude Include="Color.h">
      <Filter>Objects</Filter>
    </ClInclude>
    <ClInclude Include="stb_image.h">
      <Filter>Libraries</Filter>
    </ClInclude>
    <ClInclude Include="Comparer.h" />
  </ItemGroup>
</Project>